lockfileVersion: '6.0'

settings:
  autoInstallPeers: true
  excludeLinksFromLockfile: false

dependencies:
  xlsx:
    specifier: https://cdn.sheetjs.com/xlsx-0.20.1/xlsx-0.20.1.tgz
    version: '@cdn.sheetjs.com/xlsx-0.20.1/xlsx-0.20.1.tgz'

devDependencies:
  '@types/node':
    specifier: ^20.12.3
    version: 20.12.3
  prettier:
    specifier: ^3.2.5
    version: 3.2.5
  typescript:
    specifier: ^5.4.3
    version: 5.4.3

packages:

  /@types/node@20.12.3:
    resolution: {integrity: sha512-sD+ia2ubTeWrOu+YMF+MTAB7E+O7qsMqAbMfW7DG3K1URwhZ5hN1pLlRVGbf4wDFzSfikL05M17EyorS86jShw==}
    dependencies:
      undici-types: 5.26.5
    dev: true

  /prettier@3.2.5:
    resolution: {integrity: sha512-3/GWa9aOC0YeD7LUfvOG2NiDyhOWRvt1k+rcKhOuYnMY24iiCphgneUfJDyFXd6rZCAnuLBv6UeAULtrhT/F4A==}
    engines: {node: '>=14'}
    hasBin: true
    dev: true

  /typescript@5.4.3:
    resolution: {integrity: sha512-KrPd3PKaCLr78MalgiwJnA25Nm8HAmdwN3mYUYZgG/wizIo9EainNVQI9/yDavtVFRN2h3k8uf3GLHuhDMgEHg==}
    engines: {node: '>=14.17'}
    hasBin: true
    dev: true

  /undici-types@5.26.5:
    resolution: {integrity: sha512-JlCMO+ehdEIKqlFxk6IfVoAUVmgz7cU7zD/h9XZ0qzeosSHmUJVOzSQvvYSYWXkFXC+IfLKSIffhv0sVZup6pA==}
    dev: true

  '@cdn.sheetjs.com/xlsx-0.20.1/xlsx-0.20.1.tgz':
    resolution: {tarball: https://cdn.sheetjs.com/xlsx-0.20.1/xlsx-0.20.1.tgz}
    name: xlsx
    version: 0.20.1
    engines: {node: '>=0.8'}
    hasBin: true
    dev: false
